// !$*UTF8*$!
{
	archiveVersion = 1;
	classes = {
	};
	objectVersion = 56;
	objects = {

/* Begin PBXBuildFile section */
		965972202B91E11D000D3070 /* JourneyGenieApp.swift in Sources */ = {isa = PBXBuildFile; fileRef = 9659721F2B91E11D000D3070 /* JourneyGenieApp.swift */; };
		965972222B91E11D000D3070 /* ContentView.swift in Sources */ = {isa = PBXBuildFile; fileRef = 965972212B91E11D000D3070 /* ContentView.swift */; };
		965972242B91E11F000D3070 /* Assets.xcassets in Resources */ = {isa = PBXBuildFile; fileRef = 965972232B91E11F000D3070 /* Assets.xcassets */; };
		965972272B91E11F000D3070 /* Preview Assets.xcassets in Resources */ = {isa = PBXBuildFile; fileRef = 965972262B91E11F000D3070 /* Preview Assets.xcassets */; };
		965972362B92C570000D3070 /* Response.swift in Sources */ = {isa = PBXBuildFile; fileRef = 965972332B92C570000D3070 /* Response.swift */; };
		965972372B92C570000D3070 /* Request.swift in Sources */ = {isa = PBXBuildFile; fileRef = 965972342B92C570000D3070 /* Request.swift */; };
		965972382B92C570000D3070 /* GlobeView.swift in Sources */ = {isa = PBXBuildFile; fileRef = 965972352B92C570000D3070 /* GlobeView.swift */; };
		9659723A2B92CEAC000D3070 /* Itinerary.swift in Sources */ = {isa = PBXBuildFile; fileRef = 965972392B92CEAC000D3070 /* Itinerary.swift */; };
		9659723C2B92CEC3000D3070 /* ItineraryItem.swift in Sources */ = {isa = PBXBuildFile; fileRef = 9659723B2B92CEC3000D3070 /* ItineraryItem.swift */; };
		9659723E2B92DC56000D3070 /* ItinerariesView.swift in Sources */ = {isa = PBXBuildFile; fileRef = 9659723D2B92DC56000D3070 /* ItinerariesView.swift */; };
		965972402B92DC7D000D3070 /* ItineraryView.swift in Sources */ = {isa = PBXBuildFile; fileRef = 9659723F2B92DC7D000D3070 /* ItineraryView.swift */; };
		965972422B92E03A000D3070 /* JourneyView.swift in Sources */ = {isa = PBXBuildFile; fileRef = 965972412B92E03A000D3070 /* JourneyView.swift */; };
		9659724A2B942829000D3070 /* ItineraryItemView.swift in Sources */ = {isa = PBXBuildFile; fileRef = 965972492B942829000D3070 /* ItineraryItemView.swift */; };
/* End PBXBuildFile section */

/* Begin PBXFileReference section */
		9659721C2B91E11D000D3070 /* JourneyGenie.app */ = {isa = PBXFileReference; explicitFileType = wrapper.application; includeInIndex = 0; path = JourneyGenie.app; sourceTree = BUILT_PRODUCTS_DIR; };
		9659721F2B91E11D000D3070 /* JourneyGenieApp.swift */ = {isa = PBXFileReference; lastKnownFileType = sourcecode.swift; path = JourneyGenieApp.swift; sourceTree = "<group>"; };
		965972212B91E11D000D3070 /* ContentView.swift */ = {isa = PBXFileReference; lastKnownFileType = sourcecode.swift; path = ContentView.swift; sourceTree = "<group>"; };
		965972232B91E11F000D3070 /* Assets.xcassets */ = {isa = PBXFileReference; lastKnownFileType = folder.assetcatalog; path = Assets.xcassets; sourceTree = "<group>"; };
		965972262B91E11F000D3070 /* Preview Assets.xcassets */ = {isa = PBXFileReference; lastKnownFileType = folder.assetcatalog; path = "Preview Assets.xcassets"; sourceTree = "<group>"; };
		965972332B92C570000D3070 /* Response.swift */ = {isa = PBXFileReference; fileEncoding = 4; lastKnownFileType = sourcecode.swift; path = Response.swift; sourceTree = "<group>"; };
		965972342B92C570000D3070 /* Request.swift */ = {isa = PBXFileReference; fileEncoding = 4; lastKnownFileType = sourcecode.swift; path = Request.swift; sourceTree = "<group>"; };
		965972352B92C570000D3070 /* GlobeView.swift */ = {isa = PBXFileReference; fileEncoding = 4; lastKnownFileType = sourcecode.swift; path = GlobeView.swift; sourceTree = "<group>"; };
		965972392B92CEAC000D3070 /* Itinerary.swift */ = {isa = PBXFileReference; lastKnownFileType = sourcecode.swift; path = Itinerary.swift; sourceTree = "<group>"; };
		9659723B2B92CEC3000D3070 /* ItineraryItem.swift */ = {isa = PBXFileReference; lastKnownFileType = sourcecode.swift; path = ItineraryItem.swift; sourceTree = "<group>"; };
		9659723D2B92DC56000D3070 /* ItinerariesView.swift */ = {isa = PBXFileReference; lastKnownFileType = sourcecode.swift; path = ItinerariesView.swift; sourceTree = "<group>"; };
		9659723F2B92DC7D000D3070 /* ItineraryView.swift */ = {isa = PBXFileReference; lastKnownFileType = sourcecode.swift; path = ItineraryView.swift; sourceTree = "<group>"; };
		965972412B92E03A000D3070 /* JourneyView.swift */ = {isa = PBXFileReference; lastKnownFileType = sourcecode.swift; path = JourneyView.swift; sourceTree = "<group>"; };
		965972492B942829000D3070 /* ItineraryItemView.swift */ = {isa = PBXFileReference; lastKnownFileType = sourcecode.swift; path = ItineraryItemView.swift; sourceTree = "<group>"; };
/* End PBXFileReference section */

/* Begin PBXFrameworksBuildPhase section */
		965972192B91E11D000D3070 /* Frameworks */ = {
			isa = PBXFrameworksBuildPhase;
			buildActionMask = 2147483647;
			files = (
			);
			runOnlyForDeploymentPostprocessing = 0;
		};
/* End PBXFrameworksBuildPhase section */

/* Begin PBXGroup section */
		965972132B91E11D000D3070 = {
			isa = PBXGroup;
			children = (
				9659721E2B91E11D000D3070 /* JourneyGenie */,
				9659721D2B91E11D000D3070 /* Products */,
			);
			sourceTree = "<group>";
		};
		9659721D2B91E11D000D3070 /* Products */ = {
			isa = PBXGroup;
			children = (
				9659721C2B91E11D000D3070 /* JourneyGenie.app */,
			);
			name = Products;
			sourceTree = "<group>";
		};
		9659721E2B91E11D000D3070 /* JourneyGenie */ = {
			isa = PBXGroup;
			children = (
				965972492B942829000D3070 /* ItineraryItemView.swift */,
				965972352B92C570000D3070 /* GlobeView.swift */,
				965972342B92C570000D3070 /* Request.swift */,
				965972332B92C570000D3070 /* Response.swift */,
				965972392B92CEAC000D3070 /* Itinerary.swift */,
				9659723B2B92CEC3000D3070 /* ItineraryItem.swift */,
				9659721F2B91E11D000D3070 /* JourneyGenieApp.swift */,
				965972212B91E11D000D3070 /* ContentView.swift */,
				965972412B92E03A000D3070 /* JourneyView.swift */,
				9659723D2B92DC56000D3070 /* ItinerariesView.swift */,
				9659723F2B92DC7D000D3070 /* ItineraryView.swift */,
				965972232B91E11F000D3070 /* Assets.xcassets */,
				965972252B91E11F000D3070 /* Preview Content */,
			);
			path = JourneyGenie;
			sourceTree = "<group>";
		};
		965972252B91E11F000D3070 /* Preview Content */ = {
			isa = PBXGroup;
			children = (
				965972262B91E11F000D3070 /* Preview Assets.xcassets */,
			);
			path = "Preview Content";
			sourceTree = "<group>";
		};
/* End PBXGroup section */

/* Begin PBXNativeTarget section */
		9659721B2B91E11D000D3070 /* JourneyGenie */ = {
			isa = PBXNativeTarget;
			buildConfigurationList = 9659722A2B91E11F000D3070 /* Build configuration list for PBXNativeTarget "JourneyGenie" */;
			buildPhases = (
				965972182B91E11D000D3070 /* Sources */,
				965972192B91E11D000D3070 /* Frameworks */,
				9659721A2B91E11D000D3070 /* Resources */,
			);
			buildRules = (
			);
			dependencies = (
			);
			name = JourneyGenie;
			productName = JourneyGenie;
			productReference = 9659721C2B91E11D000D3070 /* JourneyGenie.app */;
			productType = "com.apple.product-type.application";
		};
/* End PBXNativeTarget section */

/* Begin PBXProject section */
		965972142B91E11D000D3070 /* Project object */ = {
			isa = PBXProject;
			attributes = {
				BuildIndependentTargetsInParallel = 1;
				LastSwiftUpdateCheck = 1520;
				LastUpgradeCheck = 1520;
				TargetAttributes = {
					9659721B2B91E11D000D3070 = {
						CreatedOnToolsVersion = 15.2;
					};
				};
			};
			buildConfigurationList = 965972172B91E11D000D3070 /* Build configuration list for PBXProject "JourneyGenie" */;
			compatibilityVersion = "Xcode 14.0";
			developmentRegion = en;
			hasScannedForEncodings = 0;
			knownRegions = (
				en,
				Base,
			);
			mainGroup = 965972132B91E11D000D3070;
			productRefGroup = 9659721D2B91E11D000D3070 /* Products */;
			projectDirPath = "";
			projectRoot = "";
			targets = (
				9659721B2B91E11D000D3070 /* JourneyGenie */,
			);
		};
/* End PBXProject section */

/* Begin PBXResourcesBuildPhase section */
		9659721A2B91E11D000D3070 /* Resources */ = {
			isa = PBXResourcesBuildPhase;
			buildActionMask = 2147483647;
			files = (
				965972272B91E11F000D3070 /* Preview Assets.xcassets in Resources */,
				965972242B91E11F000D3070 /* Assets.xcassets in Resources */,
			);
			runOnlyForDeploymentPostprocessing = 0;
		};
/* End PBXResourcesBuildPhase section */

/* Begin PBXSourcesBuildPhase section */
		965972182B91E11D000D3070 /* Sources */ = {
			isa = PBXSourcesBuildPhase;
			buildActionMask = 2147483647;
			files = (
				965972222B91E11D000D3070 /* ContentView.swift in Sources */,
				9659723A2B92CEAC000D3070 /* Itinerary.swift in Sources */,
				9659723E2B92DC56000D3070 /* ItinerariesView.swift in Sources */,
				9659723C2B92CEC3000D3070 /* ItineraryItem.swift in Sources */,
				965972372B92C570000D3070 /* Request.swift in Sources */,
				965972402B92DC7D000D3070 /* ItineraryView.swift in Sources */,
				965972382B92C570000D3070 /* GlobeView.swift in Sources */,
				9659724A2B942829000D3070 /* ItineraryItemView.swift in Sources */,
				965972422B92E03A000D3070 /* JourneyView.swift in Sources */,
				965972362B92C570000D3070 /* Response.swift in Sources */,
				965972202B91E11D000D3070 /* JourneyGenieApp.swift in Sources */,
			);
			runOnlyForDeploymentPostprocessing = 0;
		};
/* End PBXSourcesBuildPhase section */

/* Begin XCBuildConfiguration section */
		965972282B91E11F000D3070 /* Debug */ = {
			isa = XCBuildConfiguration;
			buildSettings = {
				ALWAYS_SEARCH_USER_PATHS = NO;
				ASSETCATALOG_COMPILER_GENERATE_SWIFT_ASSET_SYMBOL_EXTENSIONS = YES;
				CLANG_ANALYZER_NONNULL = YES;
				CLANG_ANALYZER_NUMBER_OBJECT_CONVERSION = YES_AGGRESSIVE;
				CLANG_CXX_LANGUAGE_STANDARD = "gnu++20";
				CLANG_ENABLE_MODULES = YES;
				CLANG_ENABLE_OBJC_ARC = YES;
				CLANG_ENABLE_OBJC_WEAK = YES;
				CLANG_WARN_BLOCK_CAPTURE_AUTORELEASING = YES;
				CLANG_WARN_BOOL_CONVERSION = YES;
				CLANG_WARN_COMMA = YES;
				CLANG_WARN_CONSTANT_CONVERSION = YES;
				CLANG_WARN_DEPRECATED_OBJC_IMPLEMENTATIONS = YES;
				CLANG_WARN_DIRECT_OBJC_ISA_USAGE = YES_ERROR;
				CLANG_WARN_DOCUMENTATION_COMMENTS = YES;
				CLANG_WARN_EMPTY_BODY = YES;
				CLANG_WARN_ENUM_CONVERSION = YES;
				CLANG_WARN_INFINITE_RECURSION = YES;
				CLANG_WARN_INT_CONVERSION = YES;
				CLANG_WARN_NON_LITERAL_NULL_CONVERSION = YES;
				CLANG_WARN_OBJC_IMPLICIT_RETAIN_SELF = YES;
				CLANG_WARN_OBJC_LITERAL_CONVERSION = YES;
				CLANG_WARN_OBJC_ROOT_CLASS = YES_ERROR;
				CLANG_WARN_QUOTED_INCLUDE_IN_FRAMEWORK_HEADER = YES;
				CLANG_WARN_RANGE_LOOP_ANALYSIS = YES;
				CLANG_WARN_STRICT_PROTOTYPES = YES;
				CLANG_WARN_SUSPICIOUS_MOVE = YES;
				CLANG_WARN_UNGUARDED_AVAILABILITY = YES_AGGRESSIVE;
				CLANG_WARN_UNREACHABLE_CODE = YES;
				CLANG_WARN__DUPLICATE_METHOD_MATCH = YES;
				COPY_PHASE_STRIP = NO;
				DEBUG_INFORMATION_FORMAT = dwarf;
				ENABLE_STRICT_OBJC_MSGSEND = YES;
				ENABLE_TESTABILITY = YES;
				ENABLE_USER_SCRIPT_SANDBOXING = YES;
				GCC_C_LANGUAGE_STANDARD = gnu17;
				GCC_DYNAMIC_NO_PIC = NO;
				GCC_NO_COMMON_BLOCKS = YES;
				GCC_OPTIMIZATION_LEVEL = 0;
				GCC_PREPROCESSOR_DEFINITIONS = (
					"DEBUG=1",
					"$(inherited)",
				);
				GCC_WARN_64_TO_32_BIT_CONVERSION = YES;
				GCC_WARN_ABOUT_RETURN_TYPE = YES_ERROR;
				GCC_WARN_UNDECLARED_SELECTOR = YES;
				GCC_WARN_UNINITIALIZED_AUTOS = YES_AGGRESSIVE;
				GCC_WARN_UNUSED_FUNCTION = YES;
				GCC_WARN_UNUSED_VARIABLE = YES;
				IPHONEOS_DEPLOYMENT_TARGET = 17.2;
				LOCALIZATION_PREFERS_STRING_CATALOGS = YES;
				MTL_ENABLE_DEBUG_INFO = INCLUDE_SOURCE;
				MTL_FAST_MATH = YES;
				ONLY_ACTIVE_ARCH = YES;
				SDKROOT = iphoneos;
				SWIFT_ACTIVE_COMPILATION_CONDITIONS = "DEBUG $(inherited)";
				SWIFT_OPTIMIZATION_LEVEL = "-Onone";
			};
			name = Debug;
		};
		965972292B91E11F000D3070 /* Release */ = {
			isa = XCBuildConfiguration;
			buildSettings = {
				ALWAYS_SEARCH_USER_PATHS = NO;
				ASSETCATALOG_COMPILER_GENERATE_SWIFT_ASSET_SYMBOL_EXTENSIONS = YES;
				CLANG_ANALYZER_NONNULL = YES;
				CLANG_ANALYZER_NUMBER_OBJECT_CONVERSION = YES_AGGRESSIVE;
				CLANG_CXX_LANGUAGE_STANDARD = "gnu++20";
				CLANG_ENABLE_MODULES = YES;
				CLANG_ENABLE_OBJC_ARC = YES;
				CLANG_ENABLE_OBJC_WEAK = YES;
				CLANG_WARN_BLOCK_CAPTURE_AUTORELEASING = YES;
				CLANG_WARN_BOOL_CONVERSION = YES;
				CLANG_WARN_COMMA = YES;
				CLANG_WARN_CONSTANT_CONVERSION = YES;
				CLANG_WARN_DEPRECATED_OBJC_IMPLEMENTATIONS = YES;
				CLANG_WARN_DIRECT_OBJC_ISA_USAGE = YES_ERROR;
				CLANG_WARN_DOCUMENTATION_COMMENTS = YES;
				CLANG_WARN_EMPTY_BODY = YES;
				CLANG_WARN_ENUM_CONVERSION = YES;
				CLANG_WARN_INFINITE_RECURSION = YES;
				CLANG_WARN_INT_CONVERSION = YES;
				CLANG_WARN_NON_LITERAL_NULL_CONVERSION = YES;
				CLANG_WARN_OBJC_IMPLICIT_RETAIN_SELF = YES;
				CLANG_WARN_OBJC_LITERAL_CONVERSION = YES;
				CLANG_WARN_OBJC_ROOT_CLASS = YES_ERROR;
				CLANG_WARN_QUOTED_INCLUDE_IN_FRAMEWORK_HEADER = YES;
				CLANG_WARN_RANGE_LOOP_ANALYSIS = YES;
				CLANG_WARN_STRICT_PROTOTYPES = YES;
				CLANG_WARN_SUSPICIOUS_MOVE = YES;
				CLANG_WARN_UNGUARDED_AVAILABILITY = YES_AGGRESSIVE;
				CLANG_WARN_UNREACHABLE_CODE = YES;
				CLANG_WARN__DUPLICATE_METHOD_MATCH = YES;
				COPY_PHASE_STRIP = NO;
				DEBUG_INFORMATION_FORMAT = "dwarf-with-dsym";
				ENABLE_NS_ASSERTIONS = NO;
				ENABLE_STRICT_OBJC_MSGSEND = YES;
				ENABLE_USER_SCRIPT_SANDBOXING = YES;
				GCC_C_LANGUAGE_STANDARD = gnu17;
				GCC_NO_COMMON_BLOCKS = YES;
				GCC_WARN_64_TO_32_BIT_CONVERSION = YES;
				GCC_WARN_ABOUT_RETURN_TYPE = YES_ERROR;
				GCC_WARN_UNDECLARED_SELECTOR = YES;
				GCC_WARN_UNINITIALIZED_AUTOS = YES_AGGRESSIVE;
				GCC_WARN_UNUSED_FUNCTION = YES;
				GCC_WARN_UNUSED_VARIABLE = YES;
				IPHONEOS_DEPLOYMENT_TARGET = 17.2;
				LOCALIZATION_PREFERS_STRING_CATALOGS = YES;
				MTL_ENABLE_DEBUG_INFO = NO;
				MTL_FAST_MATH = YES;
				SDKROOT = iphoneos;
				SWIFT_COMPILATION_MODE = wholemodule;
				VALIDATE_PRODUCT = YES;
			};
			name = Release;
		};
		9659722B2B91E11F000D3070 /* Debug */ = {
			isa = XCBuildConfiguration;
			buildSettings = {
				ASSETCATALOG_COMPILER_APPICON_NAME = AppIcon;
				ASSETCATALOG_COMPILER_GLOBAL_ACCENT_COLOR_NAME = AccentColor;
				CODE_SIGN_STYLE = Automatic;
				CURRENT_PROJECT_VERSION = 1;
				DEVELOPMENT_ASSET_PATHS = "\"JourneyGenie/Preview Content\"";
				DEVELOPMENT_TEAM = VPNR8289C6;
				ENABLE_PREVIEWS = YES;
				GENERATE_INFOPLIST_FILE = YES;
				INFOPLIST_KEY_UIApplicationSceneManifest_Generation = YES;
				INFOPLIST_KEY_UIApplicationSupportsIndirectInputEvents = YES;
				INFOPLIST_KEY_UILaunchScreen_Generation = YES;
				INFOPLIST_KEY_UISupportedInterfaceOrientations_iPad = "UIInterfaceOrientationPortrait UIInterfaceOrientationPortraitUpsideDown UIInterfaceOrientationLandscapeLeft UIInterfaceOrientationLandscapeRight";
				INFOPLIST_KEY_UISupportedInterfaceOrientations_iPhone = "UIInterfaceOrientationPortrait UIInterfaceOrientationLandscapeLeft UIInterfaceOrientationLandscapeRight";
				LD_RUNPATH_SEARCH_PATHS = (
					"$(inherited)",
					"@executable_path/Frameworks",
				);
				MARKETING_VERSION = 1.0;
				PRODUCT_BUNDLE_IDENTIFIER = com.4nhus.JourneyGenie;
				PRODUCT_NAME = "$(TARGET_NAME)";
				SWIFT_EMIT_LOC_STRINGS = YES;
				SWIFT_VERSION = 5.0;
				TARGETED_DEVICE_FAMILY = "1,2";
			};
			name = Debug;
		};
		9659722C2B91E11F000D3070 /* Release */ = {
			isa = XCBuildConfiguration;
			buildSettings = {
				ASSETCATALOG_COMPILER_APPICON_NAME = AppIcon;
				ASSETCATALOG_COMPILER_GLOBAL_ACCENT_COLOR_NAME = AccentColor;
				CODE_SIGN_STYLE = Automatic;
				CURRENT_PROJECT_VERSION = 1;
				DEVELOPMENT_ASSET_PATHS = "\"JourneyGenie/Preview Content\"";
				DEVELOPMENT_TEAM = VPNR8289C6;
				ENABLE_PREVIEWS = YES;
				GENERATE_INFOPLIST_FILE = YES;
				INFOPLIST_KEY_UIApplicationSceneManifest_Generation = YES;
				INFOPLIST_KEY_UIApplicationSupportsIndirectInputEvents = YES;
				INFOPLIST_KEY_UILaunchScreen_Generation = YES;
				INFOPLIST_KEY_UISupportedInterfaceOrientations_iPad = "UIInterfaceOrientationPortrait UIInterfaceOrientationPortraitUpsideDown UIInterfaceOrientationLandscapeLeft UIInterfaceOrientationLandscapeRight";
				INFOPLIST_KEY_UISupportedInterfaceOrientations_iPhone = "UIInterfaceOrientationPortrait UIInterfaceOrientationLandscapeLeft UIInterfaceOrientationLandscapeRight";
				LD_RUNPATH_SEARCH_PATHS = (
					"$(inherited)",
					"@executable_path/Frameworks",
				);
				MARKETING_VERSION = 1.0;
				PRODUCT_BUNDLE_IDENTIFIER = com.4nhus.JourneyGenie;
				PRODUCT_NAME = "$(TARGET_NAME)";
				SWIFT_EMIT_LOC_STRINGS = YES;
				SWIFT_VERSION = 5.0;
				TARGETED_DEVICE_FAMILY = "1,2";
			};
			name = Release;
		};
/* End XCBuildConfiguration section */

/* Begin XCConfigurationList section */
		965972172B91E11D000D3070 /* Build configuration list for PBXProject "JourneyGenie" */ = {
			isa = XCConfigurationList;
			buildConfigurations = (
				965972282B91E11F000D3070 /* Debug */,
				965972292B91E11F000D3070 /* Release */,
			);
			defaultConfigurationIsVisible = 0;
			defaultConfigurationName = Release;
		};
		9659722A2B91E11F000D3070 /* Build configuration list for PBXNativeTarget "JourneyGenie" */ = {
			isa = XCConfigurationList;
			buildConfigurations = (
				9659722B2B91E11F000D3070 /* Debug */,
				9659722C2B91E11F000D3070 /* Release */,
			);
			defaultConfigurationIsVisible = 0;
			defaultConfigurationName = Release;
		};
/* End XCConfigurationList section */
	};
	rootObject = 965972142B91E11D000D3070 /* Project object */;
}
